{
  "name": "ckeditor4",
  "version": "1.0.0",
  "lockfileVersion": 1,
  "requires": true,
  "dependencies": {
    "ckeditor": {
      "version": "4.10.0",
      "resolved": "https://registry.npmjs.org/ckeditor/-/ckeditor-4.10.0.tgz",
      "integrity": "sha512-a7Fw4H3+iI0jT0IZcHgKZxoams+9EBbZ54Gknih1g7w3jZRJfxxnZpyjLBeqiv2W2k9+qqAsWsTWZFNssHDoPw=="
    }
  }
}
